
Microsoft Visual Studio Solution File, Format Version 12.00
# Visual Studio Version 17
VisualStudioVersion = 17.0.31903.59
MinimumVisualStudioVersion = 10.0.40219.1
Project("{FAE04EC0-301F-11D3-BF4B-00C04F79EFBC}") = "Day-3", "Day-3\Day-3.csproj", "{52DE66B7-4D6F-4858-A30F-E3BB2A32CB14}"
EndProject
Project("{FAE04EC0-301F-11D3-BF4B-00C04F79EFBC}") = "Day-6", "..\Day-6\Day-6.csproj", "{0525D9E4-A7D1-4472-B121-457673D7E95A}"
EndProject
Project("{FAE04EC0-301F-11D3-BF4B-00C04F79EFBC}") = "Day-8", "..\Day-8\Day-8.csproj", "{1C8EA1E7-837D-4D64-89CC-3C75201E8BF8}"
EndProject
Project("{FAE04EC0-301F-11D3-BF4B-00C04F79EFBC}") = "ClassLibrary1", "ClassLibrary1\ClassLibrary1.csproj", "{44A4AFC2-8C8F-4B90-9B8E-F28C49FCCAAF}"
EndProject
Global
	GlobalSection(SolutionConfigurationPlatforms) = preSolution
		Debug|Any CPU = Debug|Any CPU
		Release|Any CPU = Release|Any CPU
	EndGlobalSection
	GlobalSection(SolutionProperties) = preSolution
		HideSolutionNode = FALSE
	EndGlobalSection
	GlobalSection(ProjectConfigurationPlatforms) = postSolution
		{52DE66B7-4D6F-4858-A30F-E3BB2A32CB14}.Debug|Any CPU.ActiveCfg = Debug|Any CPU
		{52DE66B7-4D6F-4858-A30F-E3BB2A32CB14}.Debug|Any CPU.Build.0 = Debug|Any CPU
		{52DE66B7-4D6F-4858-A30F-E3BB2A32CB14}.Release|Any CPU.ActiveCfg = Release|Any CPU
		{52DE66B7-4D6F-4858-A30F-E3BB2A32CB14}.Release|Any CPU.Build.0 = Release|Any CPU
		{0525D9E4-A7D1-4472-B121-457673D7E95A}.Debug|Any CPU.ActiveCfg = Debug|Any CPU
		{0525D9E4-A7D1-4472-B121-457673D7E95A}.Debug|Any CPU.Build.0 = Debug|Any CPU
		{0525D9E4-A7D1-4472-B121-457673D7E95A}.Release|Any CPU.ActiveCfg = Release|Any CPU
		{0525D9E4-A7D1-4472-B121-457673D7E95A}.Release|Any CPU.Build.0 = Release|Any CPU
		{1C8EA1E7-837D-4D64-89CC-3C75201E8BF8}.Debug|Any CPU.ActiveCfg = Debug|Any CPU
		{1C8EA1E7-837D-4D64-89CC-3C75201E8BF8}.Debug|Any CPU.Build.0 = Debug|Any CPU
		{1C8EA1E7-837D-4D64-89CC-3C75201E8BF8}.Release|Any CPU.ActiveCfg = Release|Any CPU
		{1C8EA1E7-837D-4D64-89CC-3C75201E8BF8}.Release|Any CPU.Build.0 = Release|Any CPU
		{44A4AFC2-8C8F-4B90-9B8E-F28C49FCCAAF}.Debug|Any CPU.ActiveCfg = Debug|Any CPU
		{44A4AFC2-8C8F-4B90-9B8E-F28C49FCCAAF}.Debug|Any CPU.Build.0 = Debug|Any CPU
		{44A4AFC2-8C8F-4B90-9B8E-F28C49FCCAAF}.Release|Any CPU.ActiveCfg = Release|Any CPU
		{44A4AFC2-8C8F-4B90-9B8E-F28C49FCCAAF}.Release|Any CPU.Build.0 = Release|Any CPU
	EndGlobalSection
EndGlobal
